// !$*UTF8*$!
{
	archiveVersion = 1;
	classes = {
	};
	objectVersion = 56;
	objects = {

/* Begin PBXBuildFile section */
		803C24C629B09CC200F868DC /* DetailedContactListViewController.swift in Sources */ = {isa = PBXBuildFile; fileRef = 803C24C529B09CC200F868DC /* DetailedContactListViewController.swift */; };
		80DFD3F629B068FD00520F8F /* AppDelegate.swift in Sources */ = {isa = PBXBuildFile; fileRef = 80DFD3F529B068FD00520F8F /* AppDelegate.swift */; };
		80DFD3F829B068FD00520F8F /* SceneDelegate.swift in Sources */ = {isa = PBXBuildFile; fileRef = 80DFD3F729B068FD00520F8F /* SceneDelegate.swift */; };
		80DFD3FD29B068FD00520F8F /* Main.storyboard in Resources */ = {isa = PBXBuildFile; fileRef = 80DFD3FB29B068FD00520F8F /* Main.storyboard */; };
		80DFD3FF29B0690000520F8F /* Assets.xcassets in Resources */ = {isa = PBXBuildFile; fileRef = 80DFD3FE29B0690000520F8F /* Assets.xcassets */; };
		80DFD40229B0690000520F8F /* LaunchScreen.storyboard in Resources */ = {isa = PBXBuildFile; fileRef = 80DFD40029B0690000520F8F /* LaunchScreen.storyboard */; };
		80DFD40B29B069F500520F8F /* ContactListViewController.swift in Sources */ = {isa = PBXBuildFile; fileRef = 80DFD40A29B069F500520F8F /* ContactListViewController.swift */; };
		80DFD41029B06A7300520F8F /* Person.swift in Sources */ = {isa = PBXBuildFile; fileRef = 80DFD40F29B06A7300520F8F /* Person.swift */; };
		80DFD41229B06C2200520F8F /* DataStore.swift in Sources */ = {isa = PBXBuildFile; fileRef = 80DFD41129B06C2200520F8F /* DataStore.swift */; };
		80F461FF29B08ED000D5315B /* ContacInfoViewController.swift in Sources */ = {isa = PBXBuildFile; fileRef = 80F461FE29B08ED000D5315B /* ContacInfoViewController.swift */; };
/* End PBXBuildFile section */

/* Begin PBXFileReference section */
		803C24C529B09CC200F868DC /* DetailedContactListViewController.swift */ = {isa = PBXFileReference; lastKnownFileType = sourcecode.swift; path = DetailedContactListViewController.swift; sourceTree = "<group>"; };
		80DFD3F229B068FD00520F8F /* ContactList.app */ = {isa = PBXFileReference; explicitFileType = wrapper.application; includeInIndex = 0; path = ContactList.app; sourceTree = BUILT_PRODUCTS_DIR; };
		80DFD3F529B068FD00520F8F /* AppDelegate.swift */ = {isa = PBXFileReference; lastKnownFileType = sourcecode.swift; path = AppDelegate.swift; sourceTree = "<group>"; };
		80DFD3F729B068FD00520F8F /* SceneDelegate.swift */ = {isa = PBXFileReference; lastKnownFileType = sourcecode.swift; path = SceneDelegate.swift; sourceTree = "<group>"; };
		80DFD3FC29B068FD00520F8F /* Base */ = {isa = PBXFileReference; lastKnownFileType = file.storyboard; name = Base; path = Base.lproj/Main.storyboard; sourceTree = "<group>"; };
		80DFD3FE29B0690000520F8F /* Assets.xcassets */ = {isa = PBXFileReference; lastKnownFileType = folder.assetcatalog; path = Assets.xcassets; sourceTree = "<group>"; };
		80DFD40129B0690000520F8F /* Base */ = {isa = PBXFileReference; lastKnownFileType = file.storyboard; name = Base; path = Base.lproj/LaunchScreen.storyboard; sourceTree = "<group>"; };
		80DFD40329B0690000520F8F /* Info.plist */ = {isa = PBXFileReference; lastKnownFileType = text.plist.xml; path = Info.plist; sourceTree = "<group>"; };
		80DFD40A29B069F500520F8F /* ContactListViewController.swift */ = {isa = PBXFileReference; lastKnownFileType = sourcecode.swift; path = ContactListViewController.swift; sourceTree = "<group>"; };
		80DFD40F29B06A7300520F8F /* Person.swift */ = {isa = PBXFileReference; lastKnownFileType = sourcecode.swift; path = Person.swift; sourceTree = "<group>"; };
		80DFD41129B06C2200520F8F /* DataStore.swift */ = {isa = PBXFileReference; lastKnownFileType = sourcecode.swift; path = DataStore.swift; sourceTree = "<group>"; };
		80F461FE29B08ED000D5315B /* ContacInfoViewController.swift */ = {isa = PBXFileReference; lastKnownFileType = sourcecode.swift; path = ContacInfoViewController.swift; sourceTree = "<group>"; };
/* End PBXFileReference section */

/* Begin PBXFrameworksBuildPhase section */
		80DFD3EF29B068FD00520F8F /* Frameworks */ = {
			isa = PBXFrameworksBuildPhase;
			buildActionMask = 2147483647;
			files = (
			);
			runOnlyForDeploymentPostprocessing = 0;
		};
/* End PBXFrameworksBuildPhase section */

/* Begin PBXGroup section */
		80DFD3E929B068FD00520F8F = {
			isa = PBXGroup;
			children = (
				80DFD3F429B068FD00520F8F /* ContactList */,
				80DFD3F329B068FD00520F8F /* Products */,
			);
			sourceTree = "<group>";
		};
		80DFD3F329B068FD00520F8F /* Products */ = {
			isa = PBXGroup;
			children = (
				80DFD3F229B068FD00520F8F /* ContactList.app */,
			);
			name = Products;
			sourceTree = "<group>";
		};
		80DFD3F429B068FD00520F8F /* ContactList */ = {
			isa = PBXGroup;
			children = (
				80DFD40929B069D100520F8F /* App */,
				80DFD40D29B06A2E00520F8F /* ViewControllers */,
				80DFD40C29B069FE00520F8F /* Storyboards */,
				80DFD40E29B06A5200520F8F /* Models */,
				80DFD3FE29B0690000520F8F /* Assets.xcassets */,
				80DFD41329B06C3200520F8F /* Services */,
			);
			path = ContactList;
			sourceTree = "<group>";
		};
		80DFD40929B069D100520F8F /* App */ = {
			isa = PBXGroup;
			children = (
				80DFD3F529B068FD00520F8F /* AppDelegate.swift */,
				80DFD3F729B068FD00520F8F /* SceneDelegate.swift */,
				80DFD40329B0690000520F8F /* Info.plist */,
			);
			path = App;
			sourceTree = "<group>";
		};
		80DFD40C29B069FE00520F8F /* Storyboards */ = {
			isa = PBXGroup;
			children = (
				80DFD40029B0690000520F8F /* LaunchScreen.storyboard */,
				80DFD3FB29B068FD00520F8F /* Main.storyboard */,
			);
			path = Storyboards;
			sourceTree = "<group>";
		};
		80DFD40D29B06A2E00520F8F /* ViewControllers */ = {
			isa = PBXGroup;
			children = (
				80DFD40A29B069F500520F8F /* ContactListViewController.swift */,
				80F461FE29B08ED000D5315B /* ContacInfoViewController.swift */,
				803C24C529B09CC200F868DC /* DetailedContactListViewController.swift */,
			);
			path = ViewControllers;
			sourceTree = "<group>";
		};
		80DFD40E29B06A5200520F8F /* Models */ = {
			isa = PBXGroup;
			children = (
				80DFD40F29B06A7300520F8F /* Person.swift */,
			);
			path = Models;
			sourceTree = "<group>";
		};
		80DFD41329B06C3200520F8F /* Services */ = {
			isa = PBXGroup;
			children = (
				80DFD41129B06C2200520F8F /* DataStore.swift */,
			);
			path = Services;
			sourceTree = "<group>";
		};
/* End PBXGroup section */

/* Begin PBXNativeTarget section */
		80DFD3F129B068FD00520F8F /* ContactList */ = {
			isa = PBXNativeTarget;
			buildConfigurationList = 80DFD40629B0690000520F8F /* Build configuration list for PBXNativeTarget "ContactList" */;
			buildPhases = (
				80DFD3EE29B068FD00520F8F /* Sources */,
				80DFD3EF29B068FD00520F8F /* Frameworks */,
				80DFD3F029B068FD00520F8F /* Resources */,
			);
			buildRules = (
			);
			dependencies = (
			);
			name = ContactList;
			productName = ContactList;
			productReference = 80DFD3F229B068FD00520F8F /* ContactList.app */;
			productType = "com.apple.product-type.application";
		};
/* End PBXNativeTarget section */

/* Begin PBXProject section */
		80DFD3EA29B068FD00520F8F /* Project object */ = {
			isa = PBXProject;
			attributes = {
				BuildIndependentTargetsInParallel = 1;
				LastSwiftUpdateCheck = 1420;
				LastUpgradeCheck = 1420;
				TargetAttributes = {
					80DFD3F129B068FD00520F8F = {
						CreatedOnToolsVersion = 14.2;
					};
				};
			};
			buildConfigurationList = 80DFD3ED29B068FD00520F8F /* Build configuration list for PBXProject "ContactList" */;
			compatibilityVersion = "Xcode 14.0";
			developmentRegion = en;
			hasScannedForEncodings = 0;
			knownRegions = (
				en,
				Base,
			);
			mainGroup = 80DFD3E929B068FD00520F8F;
			productRefGroup = 80DFD3F329B068FD00520F8F /* Products */;
			projectDirPath = "";
			projectRoot = "";
			targets = (
				80DFD3F129B068FD00520F8F /* ContactList */,
			);
		};
/* End PBXProject section */

/* Begin PBXResourcesBuildPhase section */
		80DFD3F029B068FD00520F8F /* Resources */ = {
			isa = PBXResourcesBuildPhase;
			buildActionMask = 2147483647;
			files = (
				80DFD40229B0690000520F8F /* LaunchScreen.storyboard in Resources */,
				80DFD3FF29B0690000520F8F /* Assets.xcassets in Resources */,
				80DFD3FD29B068FD00520F8F /* Main.storyboard in Resources */,
			);
			runOnlyForDeploymentPostprocessing = 0;
		};
/* End PBXResourcesBuildPhase section */

/* Begin PBXSourcesBuildPhase section */
		80DFD3EE29B068FD00520F8F /* Sources */ = {
			isa = PBXSourcesBuildPhase;
			buildActionMask = 2147483647;
			files = (
				80DFD3F629B068FD00520F8F /* AppDelegate.swift in Sources */,
				80DFD3F829B068FD00520F8F /* SceneDelegate.swift in Sources */,
				80DFD41029B06A7300520F8F /* Person.swift in Sources */,
				80DFD41229B06C2200520F8F /* DataStore.swift in Sources */,
				803C24C629B09CC200F868DC /* DetailedContactListViewController.swift in Sources */,
				80F461FF29B08ED000D5315B /* ContacInfoViewController.swift in Sources */,
				80DFD40B29B069F500520F8F /* ContactListViewController.swift in Sources */,
			);
			runOnlyForDeploymentPostprocessing = 0;
		};
/* End PBXSourcesBuildPhase section */

/* Begin PBXVariantGroup section */
		80DFD3FB29B068FD00520F8F /* Main.storyboard */ = {
			isa = PBXVariantGroup;
			children = (
				80DFD3FC29B068FD00520F8F /* Base */,
			);
			name = Main.storyboard;
			sourceTree = "<group>";
		};
		80DFD40029B0690000520F8F /* LaunchScreen.storyboard */ = {
			isa = PBXVariantGroup;
			children = (
				80DFD40129B0690000520F8F /* Base */,
			);
			name = LaunchScreen.storyboard;
			sourceTree = "<group>";
		};
/* End PBXVariantGroup section */

/* Begin XCBuildConfiguration section */
		80DFD40429B0690000520F8F /* Debug */ = {
			isa = XCBuildConfiguration;
			buildSettings = {
				ALWAYS_SEARCH_USER_PATHS = NO;
				CLANG_ANALYZER_NONNULL = YES;
				CLANG_ANALYZER_NUMBER_OBJECT_CONVERSION = YES_AGGRESSIVE;
				CLANG_CXX_LANGUAGE_STANDARD = "gnu++20";
				CLANG_ENABLE_MODULES = YES;
				CLANG_ENABLE_OBJC_ARC = YES;
				CLANG_ENABLE_OBJC_WEAK = YES;
				CLANG_WARN_BLOCK_CAPTURE_AUTORELEASING = YES;
				CLANG_WARN_BOOL_CONVERSION = YES;
				CLANG_WARN_COMMA = YES;
				CLANG_WARN_CONSTANT_CONVERSION = YES;
				CLANG_WARN_DEPRECATED_OBJC_IMPLEMENTATIONS = YES;
				CLANG_WARN_DIRECT_OBJC_ISA_USAGE = YES_ERROR;
				CLANG_WARN_DOCUMENTATION_COMMENTS = YES;
				CLANG_WARN_EMPTY_BODY = YES;
				CLANG_WARN_ENUM_CONVERSION = YES;
				CLANG_WARN_INFINITE_RECURSION = YES;
				CLANG_WARN_INT_CONVERSION = YES;
				CLANG_WARN_NON_LITERAL_NULL_CONVERSION = YES;
				CLANG_WARN_OBJC_IMPLICIT_RETAIN_SELF = YES;
				CLANG_WARN_OBJC_LITERAL_CONVERSION = YES;
				CLANG_WARN_OBJC_ROOT_CLASS = YES_ERROR;
				CLANG_WARN_QUOTED_INCLUDE_IN_FRAMEWORK_HEADER = YES;
				CLANG_WARN_RANGE_LOOP_ANALYSIS = YES;
				CLANG_WARN_STRICT_PROTOTYPES = YES;
				CLANG_WARN_SUSPICIOUS_MOVE = YES;
				CLANG_WARN_UNGUARDED_AVAILABILITY = YES_AGGRESSIVE;
				CLANG_WARN_UNREACHABLE_CODE = YES;
				CLANG_WARN__DUPLICATE_METHOD_MATCH = YES;
				COPY_PHASE_STRIP = NO;
				DEBUG_INFORMATION_FORMAT = dwarf;
				ENABLE_STRICT_OBJC_MSGSEND = YES;
				ENABLE_TESTABILITY = YES;
				GCC_C_LANGUAGE_STANDARD = gnu11;
				GCC_DYNAMIC_NO_PIC = NO;
				GCC_NO_COMMON_BLOCKS = YES;
				GCC_OPTIMIZATION_LEVEL = 0;
				GCC_PREPROCESSOR_DEFINITIONS = (
					"DEBUG=1",
					"$(inherited)",
				);
				GCC_WARN_64_TO_32_BIT_CONVERSION = YES;
				GCC_WARN_ABOUT_RETURN_TYPE = YES_ERROR;
				GCC_WARN_UNDECLARED_SELECTOR = YES;
				GCC_WARN_UNINITIALIZED_AUTOS = YES_AGGRESSIVE;
				GCC_WARN_UNUSED_FUNCTION = YES;
				GCC_WARN_UNUSED_VARIABLE = YES;
				IPHONEOS_DEPLOYMENT_TARGET = 16.2;
				MTL_ENABLE_DEBUG_INFO = INCLUDE_SOURCE;
				MTL_FAST_MATH = YES;
				ONLY_ACTIVE_ARCH = YES;
				SDKROOT = iphoneos;
				SWIFT_ACTIVE_COMPILATION_CONDITIONS = DEBUG;
				SWIFT_OPTIMIZATION_LEVEL = "-Onone";
			};
			name = Debug;
		};
		80DFD40529B0690000520F8F /* Release */ = {
			isa = XCBuildConfiguration;
			buildSettings = {
				ALWAYS_SEARCH_USER_PATHS = NO;
				CLANG_ANALYZER_NONNULL = YES;
				CLANG_ANALYZER_NUMBER_OBJECT_CONVERSION = YES_AGGRESSIVE;
				CLANG_CXX_LANGUAGE_STANDARD = "gnu++20";
				CLANG_ENABLE_MODULES = YES;
				CLANG_ENABLE_OBJC_ARC = YES;
				CLANG_ENABLE_OBJC_WEAK = YES;
				CLANG_WARN_BLOCK_CAPTURE_AUTORELEASING = YES;
				CLANG_WARN_BOOL_CONVERSION = YES;
				CLANG_WARN_COMMA = YES;
				CLANG_WARN_CONSTANT_CONVERSION = YES;
				CLANG_WARN_DEPRECATED_OBJC_IMPLEMENTATIONS = YES;
				CLANG_WARN_DIRECT_OBJC_ISA_USAGE = YES_ERROR;
				CLANG_WARN_DOCUMENTATION_COMMENTS = YES;
				CLANG_WARN_EMPTY_BODY = YES;
				CLANG_WARN_ENUM_CONVERSION = YES;
				CLANG_WARN_INFINITE_RECURSION = YES;
				CLANG_WARN_INT_CONVERSION = YES;
				CLANG_WARN_NON_LITERAL_NULL_CONVERSION = YES;
				CLANG_WARN_OBJC_IMPLICIT_RETAIN_SELF = YES;
				CLANG_WARN_OBJC_LITERAL_CONVERSION = YES;
				CLANG_WARN_OBJC_ROOT_CLASS = YES_ERROR;
				CLANG_WARN_QUOTED_INCLUDE_IN_FRAMEWORK_HEADER = YES;
				CLANG_WARN_RANGE_LOOP_ANALYSIS = YES;
				CLANG_WARN_STRICT_PROTOTYPES = YES;
				CLANG_WARN_SUSPICIOUS_MOVE = YES;
				CLANG_WARN_UNGUARDED_AVAILABILITY = YES_AGGRESSIVE;
				CLANG_WARN_UNREACHABLE_CODE = YES;
				CLANG_WARN__DUPLICATE_METHOD_MATCH = YES;
				COPY_PHASE_STRIP = NO;
				DEBUG_INFORMATION_FORMAT = "dwarf-with-dsym";
				ENABLE_NS_ASSERTIONS = NO;
				ENABLE_STRICT_OBJC_MSGSEND = YES;
				GCC_C_LANGUAGE_STANDARD = gnu11;
				GCC_NO_COMMON_BLOCKS = YES;
				GCC_WARN_64_TO_32_BIT_CONVERSION = YES;
				GCC_WARN_ABOUT_RETURN_TYPE = YES_ERROR;
				GCC_WARN_UNDECLARED_SELECTOR = YES;
				GCC_WARN_UNINITIALIZED_AUTOS = YES_AGGRESSIVE;
				GCC_WARN_UNUSED_FUNCTION = YES;
				GCC_WARN_UNUSED_VARIABLE = YES;
				IPHONEOS_DEPLOYMENT_TARGET = 16.2;
				MTL_ENABLE_DEBUG_INFO = NO;
				MTL_FAST_MATH = YES;
				SDKROOT = iphoneos;
				SWIFT_COMPILATION_MODE = wholemodule;
				SWIFT_OPTIMIZATION_LEVEL = "-O";
				VALIDATE_PRODUCT = YES;
			};
			name = Release;
		};
		80DFD40729B0690000520F8F /* Debug */ = {
			isa = XCBuildConfiguration;
			buildSettings = {
				ASSETCATALOG_COMPILER_APPICON_NAME = AppIcon;
				ASSETCATALOG_COMPILER_GLOBAL_ACCENT_COLOR_NAME = AccentColor;
				CODE_SIGN_STYLE = Automatic;
				CURRENT_PROJECT_VERSION = 1;
				DEVELOPMENT_TEAM = 7VP863SW97;
				GENERATE_INFOPLIST_FILE = YES;
				INFOPLIST_FILE = ContactList/App/Info.plist;
				INFOPLIST_KEY_UIApplicationSupportsIndirectInputEvents = YES;
				INFOPLIST_KEY_UILaunchStoryboardName = LaunchScreen;
				INFOPLIST_KEY_UIMainStoryboardFile = Main;
				INFOPLIST_KEY_UISupportedInterfaceOrientations_iPad = "UIInterfaceOrientationPortrait UIInterfaceOrientationPortraitUpsideDown UIInterfaceOrientationLandscapeLeft UIInterfaceOrientationLandscapeRight";
				INFOPLIST_KEY_UISupportedInterfaceOrientations_iPhone = "UIInterfaceOrientationPortrait UIInterfaceOrientationLandscapeLeft UIInterfaceOrientationLandscapeRight";
				LD_RUNPATH_SEARCH_PATHS = (
					"$(inherited)",
					"@executable_path/Frameworks",
				);
				MARKETING_VERSION = 1.0;
				PRODUCT_BUNDLE_IDENTIFIER = co.bektemur.ContactList;
				PRODUCT_NAME = "$(TARGET_NAME)";
				SWIFT_EMIT_LOC_STRINGS = YES;
				SWIFT_VERSION = 5.0;
				TARGETED_DEVICE_FAMILY = "1,2";
			};
			name = Debug;
		};
		80DFD40829B0690000520F8F /* Release */ = {
			isa = XCBuildConfiguration;
			buildSettings = {
				ASSETCATALOG_COMPILER_APPICON_NAME = AppIcon;
				ASSETCATALOG_COMPILER_GLOBAL_ACCENT_COLOR_NAME = AccentColor;
				CODE_SIGN_STYLE = Automatic;
				CURRENT_PROJECT_VERSION = 1;
				DEVELOPMENT_TEAM = 7VP863SW97;
				GENERATE_INFOPLIST_FILE = YES;
				INFOPLIST_FILE = ContactList/App/Info.plist;
				INFOPLIST_KEY_UIApplicationSupportsIndirectInputEvents = YES;
				INFOPLIST_KEY_UILaunchStoryboardName = LaunchScreen;
				INFOPLIST_KEY_UIMainStoryboardFile = Main;
				INFOPLIST_KEY_UISupportedInterfaceOrientations_iPad = "UIInterfaceOrientationPortrait UIInterfaceOrientationPortraitUpsideDown UIInterfaceOrientationLandscapeLeft UIInterfaceOrientationLandscapeRight";
				INFOPLIST_KEY_UISupportedInterfaceOrientations_iPhone = "UIInterfaceOrientationPortrait UIInterfaceOrientationLandscapeLeft UIInterfaceOrientationLandscapeRight";
				LD_RUNPATH_SEARCH_PATHS = (
					"$(inherited)",
					"@executable_path/Frameworks",
				);
				MARKETING_VERSION = 1.0;
				PRODUCT_BUNDLE_IDENTIFIER = co.bektemur.ContactList;
				PRODUCT_NAME = "$(TARGET_NAME)";
				SWIFT_EMIT_LOC_STRINGS = YES;
				SWIFT_VERSION = 5.0;
				TARGETED_DEVICE_FAMILY = "1,2";
			};
			name = Release;
		};
/* End XCBuildConfiguration section */

/* Begin XCConfigurationList section */
		80DFD3ED29B068FD00520F8F /* Build configuration list for PBXProject "ContactList" */ = {
			isa = XCConfigurationList;
			buildConfigurations = (
				80DFD40429B0690000520F8F /* Debug */,
				80DFD40529B0690000520F8F /* Release */,
			);
			defaultConfigurationIsVisible = 0;
			defaultConfigurationName = Release;
		};
		80DFD40629B0690000520F8F /* Build configuration list for PBXNativeTarget "ContactList" */ = {
			isa = XCConfigurationList;
			buildConfigurations = (
				80DFD40729B0690000520F8F /* Debug */,
				80DFD40829B0690000520F8F /* Release */,
			);
			defaultConfigurationIsVisible = 0;
			defaultConfigurationName = Release;
		};
/* End XCConfigurationList section */
	};
	rootObject = 80DFD3EA29B068FD00520F8F /* Project object */;
}
